{
  "nodes": {
    "cardano-playground": {
      "flake": false,
      "locked": {
        "lastModified": 1730399380,
        "narHash": "sha256-VxZBbgV4faFuVMheKeJAZ03qkL16mILVAnNqDbZIsAM=",
        "owner": "input-output-hk",
        "repo": "cardano-playground",
        "rev": "49d93e5fe42e1e37f8b4c7d463b5d6bc4af65f26",
        "type": "github"
      },
      "original": {
        "owner": "input-output-hk",
        "repo": "cardano-playground",
        "rev": "49d93e5fe42e1e37f8b4c7d463b5d6bc4af65f26",
        "type": "github"
      }
    },
    "cardano-shell": {
      "flake": false,
      "locked": {
        "lastModified": 1651849514,
        "narHash": "sha256-g5vqy7WoRusIq7eOwSXLLH/+VKHJUSbErhnrzfLvmBU=",
        "owner": "input-output-hk",
        "repo": "cardano-shell",
        "rev": "0d1d5f036c73d18e641412d2c58d4acda592d493",
        "type": "github"
      },
      "original": {
        "owner": "input-output-hk",
        "repo": "cardano-shell",
        "rev": "0d1d5f036c73d18e641412d2c58d4acda592d493",
        "type": "github"
      }
    },
    "cardano-wallet-unpatched": {
      "flake": false,
      "locked": {
        "lastModified": 1731946435,
        "narHash": "sha256-vCnp2dV+mAQIt25i8VRYNmLHAH1YZfK1bsBNNrvqJSo=",
        "owner": "cardano-foundation",
        "repo": "cardano-wallet",
        "rev": "9eb5f59c328163ca061a20f47519686b6f118d74",
        "type": "github"
      },
      "original": {
        "owner": "cardano-foundation",
        "ref": "v2024-11-18",
        "repo": "cardano-wallet",
        "type": "github"
      }
    },
    "flake-compat": {
      "flake": false,
      "locked": {
        "lastModified": 1635892615,
        "narHash": "sha256-harGbMZr4hzat2BWBU+Y5OYXlu+fVz7E4WeQzHi5o8A=",
        "owner": "input-output-hk",
        "repo": "flake-compat",
        "rev": "eca47d3377946315596da653862d341ee5341318",
        "type": "github"
      },
      "original": {
        "owner": "input-output-hk",
        "repo": "flake-compat",
        "type": "github"
      }
    },
    "nix-bundle-exe": {
      "flake": false,
      "locked": {
        "lastModified": 1682949567,
        "narHash": "sha256-K9PT8LVvTLOm3gX9ZFxag0X85DFgB2vvJB+S12disWw=",
        "owner": "3noch",
        "repo": "nix-bundle-exe",
        "rev": "3522ae68aa4188f4366ed96b41a5881d6a88af97",
        "type": "github"
      },
      "original": {
        "owner": "3noch",
        "repo": "nix-bundle-exe",
        "type": "github"
      }
    },
    "nixpkgs": {
      "locked": {
        "lastModified": 1672844754,
        "narHash": "sha256-o26WabuHABQsaHxxmIrR3AQRqDFUEdLckLXkVCpIjSU=",
        "owner": "nixos",
        "repo": "nixpkgs",
        "rev": "e9ade2c8240e00a4784fac282a502efff2786bdc",
        "type": "github"
      },
      "original": {
        "owner": "nixos",
        "ref": "nixpkgs-22.11-darwin",
        "repo": "nixpkgs",
        "type": "github"
      }
    },
    "root": {
      "inputs": {
        "cardano-playground": "cardano-playground",
        "cardano-shell": "cardano-shell",
        "cardano-wallet-unpatched": "cardano-wallet-unpatched",
        "flake-compat": "flake-compat",
        "nix-bundle-exe": "nix-bundle-exe",
        "nixpkgs": "nixpkgs",
        "tullia": "tullia"
      }
    },
    "tullia": {
      "flake": false,
      "locked": {
        "lastModified": 1677666696,
        "narHash": "sha256-Oga/fHNJba7dM6HSz83RNv/UrUeGs1WRHUHbI8dCUqc=",
        "owner": "input-output-hk",
        "repo": "tullia",
        "rev": "708d1ec45b17923d2452ba8f28795228ba8aafd5",
        "type": "github"
      },
      "original": {
        "owner": "input-output-hk",
        "repo": "tullia",
        "type": "github"
      }
    }
  },
  "root": "root",
  "version": 7
}
