{
  "nodes": {
    "cardano-playground": {
      "flake": false,
      "locked": {
        "lastModified": 1710374728,
        "narHash": "sha256-nk79ZQLHGHPLXEYeJhZLWQWsa+wzOxxu4SuY9sKVG5c=",
        "owner": "input-output-hk",
        "repo": "cardano-playground",
        "rev": "aa1d456c5e926cc07094a26f2c480773f206e4e8",
        "type": "github"
      },
      "original": {
        "owner": "input-output-hk",
        "repo": "cardano-playground",
        "type": "github"
      }
    },
    "cardano-shell": {
      "flake": false,
      "locked": {
        "lastModified": 1651849514,
        "narHash": "sha256-g5vqy7WoRusIq7eOwSXLLH/+VKHJUSbErhnrzfLvmBU=",
        "owner": "input-output-hk",
        "repo": "cardano-shell",
        "rev": "0d1d5f036c73d18e641412d2c58d4acda592d493",
        "type": "github"
      },
      "original": {
        "owner": "input-output-hk",
        "repo": "cardano-shell",
        "rev": "0d1d5f036c73d18e641412d2c58d4acda592d493",
        "type": "github"
      }
    },
    "cardano-wallet-unpatched": {
      "flake": false,
      "locked": {
        "lastModified": 1711569646,
        "narHash": "sha256-rxMPopa3nxQaM0yOxUCq5oj3+XSL68jkuuFVhj/SY+w=",
        "owner": "cardano-foundation",
        "repo": "cardano-wallet",
        "rev": "08ab303b0e111ba8a96ab3d2634adcee230766e4",
        "type": "github"
      },
      "original": {
        "owner": "cardano-foundation",
        "ref": "v2024-03-27",
        "repo": "cardano-wallet",
        "type": "github"
      }
    },
    "flake-compat": {
      "flake": false,
      "locked": {
        "lastModified": 1635892615,
        "narHash": "sha256-harGbMZr4hzat2BWBU+Y5OYXlu+fVz7E4WeQzHi5o8A=",
        "owner": "input-output-hk",
        "repo": "flake-compat",
        "rev": "eca47d3377946315596da653862d341ee5341318",
        "type": "github"
      },
      "original": {
        "owner": "input-output-hk",
        "repo": "flake-compat",
        "type": "github"
      }
    },
    "nixpkgs": {
      "locked": {
        "lastModified": 1672844754,
        "narHash": "sha256-o26WabuHABQsaHxxmIrR3AQRqDFUEdLckLXkVCpIjSU=",
        "owner": "nixos",
        "repo": "nixpkgs",
        "rev": "e9ade2c8240e00a4784fac282a502efff2786bdc",
        "type": "github"
      },
      "original": {
        "owner": "nixos",
        "ref": "nixpkgs-22.11-darwin",
        "repo": "nixpkgs",
        "type": "github"
      }
    },
    "root": {
      "inputs": {
        "cardano-playground": "cardano-playground",
        "cardano-shell": "cardano-shell",
        "cardano-wallet-unpatched": "cardano-wallet-unpatched",
        "flake-compat": "flake-compat",
        "nixpkgs": "nixpkgs",
        "tullia": "tullia"
      }
    },
    "tullia": {
      "flake": false,
      "locked": {
        "lastModified": 1677666696,
        "narHash": "sha256-Oga/fHNJba7dM6HSz83RNv/UrUeGs1WRHUHbI8dCUqc=",
        "owner": "input-output-hk",
        "repo": "tullia",
        "rev": "708d1ec45b17923d2452ba8f28795228ba8aafd5",
        "type": "github"
      },
      "original": {
        "owner": "input-output-hk",
        "repo": "tullia",
        "type": "github"
      }
    }
  },
  "root": "root",
  "version": 7
}
